
Microsoft Visual Studio Solution File, Format Version 12.00
# Visual Studio Version 17
VisualStudioVersion = 17.0.31919.166
MinimumVisualStudioVersion = 10.0.40219.1
Project("{FAE04EC0-301F-11D3-BF4B-00C04F79EFBC}") = "SEMS", "SEMS\SEMS.csproj", "{625126CA-7A21-43E9-8777-667C717F906E}"
EndProject
Global
	GlobalSection(SolutionConfigurationPlatforms) = preSolution
		Debug|Any CPU = Debug|Any CPU
		Release|Any CPU = Release|Any CPU
	EndGlobalSection
	GlobalSection(ProjectConfigurationPlatforms) = postSolution
		{625126CA-7A21-43E9-8777-667C717F906E}.Debug|Any CPU.ActiveCfg = Debug|Any CPU
		{625126CA-7A21-43E9-8777-667C717F906E}.Debug|Any CPU.Build.0 = Debug|Any CPU
		{625126CA-7A21-43E9-8777-667C717F906E}.Release|Any CPU.ActiveCfg = Release|Any CPU
		{625126CA-7A21-43E9-8777-667C717F906E}.Release|Any CPU.Build.0 = Release|Any CPU
	EndGlobalSection
	GlobalSection(SolutionProperties) = preSolution
		HideSolutionNode = FALSE
	EndGlobalSection
	GlobalSection(ExtensibilityGlobals) = postSolution
		SolutionGuid = {E355F7AA-6F2E-4985-AB09-A179507D6EF1}
	EndGlobalSection
EndGlobal
